
Microsoft Visual Studio Solution File, Format Version 12.00
# Visual Studio Version 17
VisualStudioVersion = 17.14.36301.6
MinimumVisualStudioVersion = 10.0.40219.1
Project("{8BC9CEB8-8B4A-11D0-8D11-00A0C91BC942}") = "Raytracer", "Raytracer.vcxproj", "{CCE979EA-F0FA-CACA-F523-7D50557097C6}"
EndProject
Global
	GlobalSection(SolutionConfigurationPlatforms) = preSolution
		CUDA_Release|x64 = CUDA_Release|x64
		Debug|x64 = Debug|x64
		Release|x64 = Release|x64
	EndGlobalSection
	GlobalSection(ProjectConfigurationPlatforms) = postSolution
		{CCE979EA-F0FA-CACA-F523-7D50557097C6}.CUDA_Release|x64.ActiveCfg = CUDA_Release|x64
		{CCE979EA-F0FA-CACA-F523-7D50557097C6}.CUDA_Release|x64.Build.0 = CUDA_Release|x64
		{CCE979EA-F0FA-CACA-F523-7D50557097C6}.Debug|x64.ActiveCfg = Debug|x64
		{CCE979EA-F0FA-CACA-F523-7D50557097C6}.Debug|x64.Build.0 = Debug|x64
		{CCE979EA-F0FA-CACA-F523-7D50557097C6}.Release|x64.ActiveCfg = Release|x64
		{CCE979EA-F0FA-CACA-F523-7D50557097C6}.Release|x64.Build.0 = Release|x64
	EndGlobalSection
	GlobalSection(SolutionProperties) = preSolution
		HideSolutionNode = FALSE
	EndGlobalSection
	GlobalSection(ExtensibilityGlobals) = postSolution
		SolutionGuid = {9091A607-3015-46A6-A034-2C5C6D5F2B83}
	EndGlobalSection
EndGlobal
